
Microsoft Visual Studio Solution File, Format Version 12.00
# Visual Studio Version 17
VisualStudioVersion = 17.5.002.0
MinimumVisualStudioVersion = 10.0.40219.1
Project("{2150E333-8FDC-42A3-9474-1A3956D46DE8}") = "csharp-prep", "csharp-prep", "{DD15EF0F-ADD6-4657-AF15-431238033A62}"
EndProject
Project("{9A19103F-16F7-4668-BE54-9A1E7A4F7556}") = "Prep1", "csharp-prep\Prep1\Prep1.csproj", "{16E1B628-398E-48CC-9E0E-ECB108179B7A}"
EndProject
Project("{9A19103F-16F7-4668-BE54-9A1E7A4F7556}") = "Prep2", "csharp-prep\Prep2\Prep2.csproj", "{C864B7BB-4E69-465F-84F2-ECAB11200B5C}"
EndProject
Project("{9A19103F-16F7-4668-BE54-9A1E7A4F7556}") = "Prep3", "csharp-prep\Prep3\Prep3.csproj", "{479E4C3F-0E27-4D0A-AD92-BDD071783367}"
EndProject
Project("{9A19103F-16F7-4668-BE54-9A1E7A4F7556}") = "Prep4", "csharp-prep\Prep4\Prep4.csproj", "{F6CD868C-E062-4E8B-984C-9C28380D50E1}"
EndProject
Project("{9A19103F-16F7-4668-BE54-9A1E7A4F7556}") = "Prep5", "csharp-prep\Prep5\Prep5.csproj", "{E5C63232-B721-48D7-BA5C-F8246459D5A9}"
EndProject
Project("{2150E333-8FDC-42A3-9474-1A3956D46DE8}") = "final", "final", "{A5FDE2F1-E3FB-4183-BC54-833187621514}"
EndProject
Project("{9A19103F-16F7-4668-BE54-9A1E7A4F7556}") = "FinalProject", "final\FinalProject\FinalProject.csproj", "{F281FD58-DDD2-4F7D-B525-EDA097EFF5D3}"
EndProject
Project("{9A19103F-16F7-4668-BE54-9A1E7A4F7556}") = "Foundation1", "final\Foundation1\Foundation1.csproj", "{51FB502B-0707-4906-B844-1B95A32D5795}"
EndProject
Project("{9A19103F-16F7-4668-BE54-9A1E7A4F7556}") = "Foundation2", "final\Foundation2\Foundation2.csproj", "{1975F464-F9A7-4353-806F-8DD64E1760CB}"
EndProject
Project("{9A19103F-16F7-4668-BE54-9A1E7A4F7556}") = "Foundation3", "final\Foundation3\Foundation3.csproj", "{3824838A-5BF6-4AF1-B8B9-4E5A0D2CCF8F}"
EndProject
Project("{9A19103F-16F7-4668-BE54-9A1E7A4F7556}") = "Foundation4", "final\Foundation4\Foundation4.csproj", "{E52103A2-5A43-418E-9ED5-DCCF7BCEBCDF}"
EndProject
Project("{2150E333-8FDC-42A3-9474-1A3956D46DE8}") = "prepare", "prepare", "{AF958026-470D-46AB-8B72-A39664E72C30}"
EndProject
Project("{9A19103F-16F7-4668-BE54-9A1E7A4F7556}") = "Learning02", "prepare\Learning02\Learning02.csproj", "{0A8E2B64-5950-44DA-995F-07DD6449A7BB}"
EndProject
Project("{9A19103F-16F7-4668-BE54-9A1E7A4F7556}") = "Learning03", "prepare\Learning03\Learning03.csproj", "{9F89A9D2-502D-4A90-BC56-C24D365C4811}"
EndProject
Project("{9A19103F-16F7-4668-BE54-9A1E7A4F7556}") = "Learning04", "prepare\Learning04\Learning04.csproj", "{DC041778-78C0-44CB-ADEA-02751ECA92F7}"
EndProject
Project("{9A19103F-16F7-4668-BE54-9A1E7A4F7556}") = "Learning05", "prepare\Learning05\Learning05.csproj", "{10011CE0-9986-46C8-AB32-E545840C6CDB}"
EndProject
Project("{2150E333-8FDC-42A3-9474-1A3956D46DE8}") = "prove", "prove", "{1053896F-49AD-41AA-95A9-ED65DA65B1CB}"
EndProject
Project("{9A19103F-16F7-4668-BE54-9A1E7A4F7556}") = "Develop02", "prove\Develop02\Develop02.csproj", "{1403D890-B517-46B5-A493-ED8387495283}"
EndProject
Project("{9A19103F-16F7-4668-BE54-9A1E7A4F7556}") = "Develop03", "prove\Develop03\Develop03.csproj", "{509E4C7F-6A0F-493A-A418-E98C01FF6674}"
EndProject
Project("{9A19103F-16F7-4668-BE54-9A1E7A4F7556}") = "Develop04", "prove\Develop04\Develop04.csproj", "{2AEB542F-035B-473E-8D91-D303C8AFD88D}"
EndProject
Project("{9A19103F-16F7-4668-BE54-9A1E7A4F7556}") = "Develop05", "prove\Develop05\Develop05.csproj", "{A0268C8A-D721-4A69-9F80-19A14A2E7255}"
EndProject
Project("{2150E333-8FDC-42A3-9474-1A3956D46DE8}") = "sandbox", "sandbox", "{35493E75-A356-495B-8BFB-FD0DA55C0E07}"
EndProject
Project("{9A19103F-16F7-4668-BE54-9A1E7A4F7556}") = "Sandbox", "sandbox\Sandbox\Sandbox.csproj", "{CE824214-E0A2-44E2-A675-58E9894BA6A7}"
EndProject
Global
	GlobalSection(SolutionConfigurationPlatforms) = preSolution
		Debug|Any CPU = Debug|Any CPU
		Release|Any CPU = Release|Any CPU
	EndGlobalSection
	GlobalSection(ProjectConfigurationPlatforms) = postSolution
		{16E1B628-398E-48CC-9E0E-ECB108179B7A}.Debug|Any CPU.ActiveCfg = Debug|Any CPU
		{16E1B628-398E-48CC-9E0E-ECB108179B7A}.Debug|Any CPU.Build.0 = Debug|Any CPU
		{16E1B628-398E-48CC-9E0E-ECB108179B7A}.Release|Any CPU.ActiveCfg = Release|Any CPU
		{16E1B628-398E-48CC-9E0E-ECB108179B7A}.Release|Any CPU.Build.0 = Release|Any CPU
		{C864B7BB-4E69-465F-84F2-ECAB11200B5C}.Debug|Any CPU.ActiveCfg = Debug|Any CPU
		{C864B7BB-4E69-465F-84F2-ECAB11200B5C}.Debug|Any CPU.Build.0 = Debug|Any CPU
		{C864B7BB-4E69-465F-84F2-ECAB11200B5C}.Release|Any CPU.ActiveCfg = Release|Any CPU
		{C864B7BB-4E69-465F-84F2-ECAB11200B5C}.Release|Any CPU.Build.0 = Release|Any CPU
		{479E4C3F-0E27-4D0A-AD92-BDD071783367}.Debug|Any CPU.ActiveCfg = Debug|Any CPU
		{479E4C3F-0E27-4D0A-AD92-BDD071783367}.Debug|Any CPU.Build.0 = Debug|Any CPU
		{479E4C3F-0E27-4D0A-AD92-BDD071783367}.Release|Any CPU.ActiveCfg = Release|Any CPU
		{479E4C3F-0E27-4D0A-AD92-BDD071783367}.Release|Any CPU.Build.0 = Release|Any CPU
		{F6CD868C-E062-4E8B-984C-9C28380D50E1}.Debug|Any CPU.ActiveCfg = Debug|Any CPU
		{F6CD868C-E062-4E8B-984C-9C28380D50E1}.Debug|Any CPU.Build.0 = Debug|Any CPU
		{F6CD868C-E062-4E8B-984C-9C28380D50E1}.Release|Any CPU.ActiveCfg = Release|Any CPU
		{F6CD868C-E062-4E8B-984C-9C28380D50E1}.Release|Any CPU.Build.0 = Release|Any CPU
		{E5C63232-B721-48D7-BA5C-F8246459D5A9}.Debug|Any CPU.ActiveCfg = Debug|Any CPU
		{E5C63232-B721-48D7-BA5C-F8246459D5A9}.Debug|Any CPU.Build.0 = Debug|Any CPU
		{E5C63232-B721-48D7-BA5C-F8246459D5A9}.Release|Any CPU.ActiveCfg = Release|Any CPU
		{E5C63232-B721-48D7-BA5C-F8246459D5A9}.Release|Any CPU.Build.0 = Release|Any CPU
		{F281FD58-DDD2-4F7D-B525-EDA097EFF5D3}.Debug|Any CPU.ActiveCfg = Debug|Any CPU
		{F281FD58-DDD2-4F7D-B525-EDA097EFF5D3}.Debug|Any CPU.Build.0 = Debug|Any CPU
		{F281FD58-DDD2-4F7D-B525-EDA097EFF5D3}.Release|Any CPU.ActiveCfg = Release|Any CPU
		{F281FD58-DDD2-4F7D-B525-EDA097EFF5D3}.Release|Any CPU.Build.0 = Release|Any CPU
		{51FB502B-0707-4906-B844-1B95A32D5795}.Debug|Any CPU.ActiveCfg = Debug|Any CPU
		{51FB502B-0707-4906-B844-1B95A32D5795}.Debug|Any CPU.Build.0 = Debug|Any CPU
		{51FB502B-0707-4906-B844-1B95A32D5795}.Release|Any CPU.ActiveCfg = Release|Any CPU
		{51FB502B-0707-4906-B844-1B95A32D5795}.Release|Any CPU.Build.0 = Release|Any CPU
		{1975F464-F9A7-4353-806F-8DD64E1760CB}.Debug|Any CPU.ActiveCfg = Debug|Any CPU
		{1975F464-F9A7-4353-806F-8DD64E1760CB}.Debug|Any CPU.Build.0 = Debug|Any CPU
		{1975F464-F9A7-4353-806F-8DD64E1760CB}.Release|Any CPU.ActiveCfg = Release|Any CPU
		{1975F464-F9A7-4353-806F-8DD64E1760CB}.Release|Any CPU.Build.0 = Release|Any CPU
		{3824838A-5BF6-4AF1-B8B9-4E5A0D2CCF8F}.Debug|Any CPU.ActiveCfg = Debug|Any CPU
		{3824838A-5BF6-4AF1-B8B9-4E5A0D2CCF8F}.Debug|Any CPU.Build.0 = Debug|Any CPU
		{3824838A-5BF6-4AF1-B8B9-4E5A0D2CCF8F}.Release|Any CPU.ActiveCfg = Release|Any CPU
		{3824838A-5BF6-4AF1-B8B9-4E5A0D2CCF8F}.Release|Any CPU.Build.0 = Release|Any CPU
		{E52103A2-5A43-418E-9ED5-DCCF7BCEBCDF}.Debug|Any CPU.ActiveCfg = Debug|Any CPU
		{E52103A2-5A43-418E-9ED5-DCCF7BCEBCDF}.Debug|Any CPU.Build.0 = Debug|Any CPU
		{E52103A2-5A43-418E-9ED5-DCCF7BCEBCDF}.Release|Any CPU.ActiveCfg = Release|Any CPU
		{E52103A2-5A43-418E-9ED5-DCCF7BCEBCDF}.Release|Any CPU.Build.0 = Release|Any CPU
		{0A8E2B64-5950-44DA-995F-07DD6449A7BB}.Debug|Any CPU.ActiveCfg = Debug|Any CPU
		{0A8E2B64-5950-44DA-995F-07DD6449A7BB}.Debug|Any CPU.Build.0 = Debug|Any CPU
		{0A8E2B64-5950-44DA-995F-07DD6449A7BB}.Release|Any CPU.ActiveCfg = Release|Any CPU
		{0A8E2B64-5950-44DA-995F-07DD6449A7BB}.Release|Any CPU.Build.0 = Release|Any CPU
		{9F89A9D2-502D-4A90-BC56-C24D365C4811}.Debug|Any CPU.ActiveCfg = Debug|Any CPU
		{9F89A9D2-502D-4A90-BC56-C24D365C4811}.Debug|Any CPU.Build.0 = Debug|Any CPU
		{9F89A9D2-502D-4A90-BC56-C24D365C4811}.Release|Any CPU.ActiveCfg = Release|Any CPU
		{9F89A9D2-502D-4A90-BC56-C24D365C4811}.Release|Any CPU.Build.0 = Release|Any CPU
		{DC041778-78C0-44CB-ADEA-02751ECA92F7}.Debug|Any CPU.ActiveCfg = Debug|Any CPU
		{DC041778-78C0-44CB-ADEA-02751ECA92F7}.Debug|Any CPU.Build.0 = Debug|Any CPU
		{DC041778-78C0-44CB-ADEA-02751ECA92F7}.Release|Any CPU.ActiveCfg = Release|Any CPU
		{DC041778-78C0-44CB-ADEA-02751ECA92F7}.Release|Any CPU.Build.0 = Release|Any CPU
		{10011CE0-9986-46C8-AB32-E545840C6CDB}.Debug|Any CPU.ActiveCfg = Debug|Any CPU
		{10011CE0-9986-46C8-AB32-E545840C6CDB}.Debug|Any CPU.Build.0 = Debug|Any CPU
		{10011CE0-9986-46C8-AB32-E545840C6CDB}.Release|Any CPU.ActiveCfg = Release|Any CPU
		{10011CE0-9986-46C8-AB32-E545840C6CDB}.Release|Any CPU.Build.0 = Release|Any CPU
		{1403D890-B517-46B5-A493-ED8387495283}.Debug|Any CPU.ActiveCfg = Debug|Any CPU
		{1403D890-B517-46B5-A493-ED8387495283}.Debug|Any CPU.Build.0 = Debug|Any CPU
		{1403D890-B517-46B5-A493-ED8387495283}.Release|Any CPU.ActiveCfg = Release|Any CPU
		{1403D890-B517-46B5-A493-ED8387495283}.Release|Any CPU.Build.0 = Release|Any CPU
		{509E4C7F-6A0F-493A-A418-E98C01FF6674}.Debug|Any CPU.ActiveCfg = Debug|Any CPU
		{509E4C7F-6A0F-493A-A418-E98C01FF6674}.Debug|Any CPU.Build.0 = Debug|Any CPU
		{509E4C7F-6A0F-493A-A418-E98C01FF6674}.Release|Any CPU.ActiveCfg = Release|Any CPU
		{509E4C7F-6A0F-493A-A418-E98C01FF6674}.Release|Any CPU.Build.0 = Release|Any CPU
		{2AEB542F-035B-473E-8D91-D303C8AFD88D}.Debug|Any CPU.ActiveCfg = Debug|Any CPU
		{2AEB542F-035B-473E-8D91-D303C8AFD88D}.Debug|Any CPU.Build.0 = Debug|Any CPU
		{2AEB542F-035B-473E-8D91-D303C8AFD88D}.Release|Any CPU.ActiveCfg = Release|Any CPU
		{2AEB542F-035B-473E-8D91-D303C8AFD88D}.Release|Any CPU.Build.0 = Release|Any CPU
		{A0268C8A-D721-4A69-9F80-19A14A2E7255}.Debug|Any CPU.ActiveCfg = Debug|Any CPU
		{A0268C8A-D721-4A69-9F80-19A14A2E7255}.Debug|Any CPU.Build.0 = Debug|Any CPU
		{A0268C8A-D721-4A69-9F80-19A14A2E7255}.Release|Any CPU.ActiveCfg = Release|Any CPU
		{A0268C8A-D721-4A69-9F80-19A14A2E7255}.Release|Any CPU.Build.0 = Release|Any CPU
		{CE824214-E0A2-44E2-A675-58E9894BA6A7}.Debug|Any CPU.ActiveCfg = Debug|Any CPU
		{CE824214-E0A2-44E2-A675-58E9894BA6A7}.Debug|Any CPU.Build.0 = Debug|Any CPU
		{CE824214-E0A2-44E2-A675-58E9894BA6A7}.Release|Any CPU.ActiveCfg = Release|Any CPU
		{CE824214-E0A2-44E2-A675-58E9894BA6A7}.Release|Any CPU.Build.0 = Release|Any CPU
	EndGlobalSection
	GlobalSection(SolutionProperties) = preSolution
		HideSolutionNode = FALSE
	EndGlobalSection
	GlobalSection(NestedProjects) = preSolution
		{16E1B628-398E-48CC-9E0E-ECB108179B7A} = {DD15EF0F-ADD6-4657-AF15-431238033A62}
		{C864B7BB-4E69-465F-84F2-ECAB11200B5C} = {DD15EF0F-ADD6-4657-AF15-431238033A62}
		{479E4C3F-0E27-4D0A-AD92-BDD071783367} = {DD15EF0F-ADD6-4657-AF15-431238033A62}
		{F6CD868C-E062-4E8B-984C-9C28380D50E1} = {DD15EF0F-ADD6-4657-AF15-431238033A62}
		{E5C63232-B721-48D7-BA5C-F8246459D5A9} = {DD15EF0F-ADD6-4657-AF15-431238033A62}
		{F281FD58-DDD2-4F7D-B525-EDA097EFF5D3} = {A5FDE2F1-E3FB-4183-BC54-833187621514}
		{51FB502B-0707-4906-B844-1B95A32D5795} = {A5FDE2F1-E3FB-4183-BC54-833187621514}
		{1975F464-F9A7-4353-806F-8DD64E1760CB} = {A5FDE2F1-E3FB-4183-BC54-833187621514}
		{3824838A-5BF6-4AF1-B8B9-4E5A0D2CCF8F} = {A5FDE2F1-E3FB-4183-BC54-833187621514}
		{E52103A2-5A43-418E-9ED5-DCCF7BCEBCDF} = {A5FDE2F1-E3FB-4183-BC54-833187621514}
		{0A8E2B64-5950-44DA-995F-07DD6449A7BB} = {AF958026-470D-46AB-8B72-A39664E72C30}
		{9F89A9D2-502D-4A90-BC56-C24D365C4811} = {AF958026-470D-46AB-8B72-A39664E72C30}
		{DC041778-78C0-44CB-ADEA-02751ECA92F7} = {AF958026-470D-46AB-8B72-A39664E72C30}
		{10011CE0-9986-46C8-AB32-E545840C6CDB} = {AF958026-470D-46AB-8B72-A39664E72C30}
		{1403D890-B517-46B5-A493-ED8387495283} = {1053896F-49AD-41AA-95A9-ED65DA65B1CB}
		{509E4C7F-6A0F-493A-A418-E98C01FF6674} = {1053896F-49AD-41AA-95A9-ED65DA65B1CB}
		{2AEB542F-035B-473E-8D91-D303C8AFD88D} = {1053896F-49AD-41AA-95A9-ED65DA65B1CB}
		{A0268C8A-D721-4A69-9F80-19A14A2E7255} = {1053896F-49AD-41AA-95A9-ED65DA65B1CB}
		{CE824214-E0A2-44E2-A675-58E9894BA6A7} = {35493E75-A356-495B-8BFB-FD0DA55C0E07}
	EndGlobalSection
	GlobalSection(ExtensibilityGlobals) = postSolution
		SolutionGuid = {8AC38E9E-C1F3-440B-9C95-3BCFD26B9DE6}
	EndGlobalSection
EndGlobal
